
Microsoft Visual Studio Solution File, Format Version 12.00
# Visual Studio Version 17
VisualStudioVersion = 17.0.31903.59
MinimumVisualStudioVersion = 10.0.40219.1
Project("{FAE04EC0-301F-11D3-BF4B-00C04F79EFBC}") = "ai-code-challenger", "ai-code-challenger\ai-code-challenger.csproj", "{B7F74390-268A-46FA-90EB-0997086062A5}"
EndProject
Project("{FAE04EC0-301F-11D3-BF4B-00C04F79EFBC}") = "ai-code-challenger.frontend", "ai-code-challenger.frontend\ai-code-challenger.frontend.csproj", "{97F25649-F79F-415B-99A4-F83F27D0EAF3}"
EndProject
Project("{FAE04EC0-301F-11D3-BF4B-00C04F79EFBC}") = "ai-code-challenger.common", "ai-code-challenger.common\ai-code-challenger.common.csproj", "{379DE2A9-9234-41FB-83EB-BE033F5D4F48}"
EndProject
Global
	GlobalSection(SolutionConfigurationPlatforms) = preSolution
		Debug|Any CPU = Debug|Any CPU
		Release|Any CPU = Release|Any CPU
	EndGlobalSection
	GlobalSection(SolutionProperties) = preSolution
		HideSolutionNode = FALSE
	EndGlobalSection
	GlobalSection(ProjectConfigurationPlatforms) = postSolution
		{B7F74390-268A-46FA-90EB-0997086062A5}.Debug|Any CPU.ActiveCfg = Debug|Any CPU
		{B7F74390-268A-46FA-90EB-0997086062A5}.Debug|Any CPU.Build.0 = Debug|Any CPU
		{B7F74390-268A-46FA-90EB-0997086062A5}.Release|Any CPU.ActiveCfg = Release|Any CPU
		{B7F74390-268A-46FA-90EB-0997086062A5}.Release|Any CPU.Build.0 = Release|Any CPU
		{97F25649-F79F-415B-99A4-F83F27D0EAF3}.Debug|Any CPU.ActiveCfg = Debug|Any CPU
		{97F25649-F79F-415B-99A4-F83F27D0EAF3}.Debug|Any CPU.Build.0 = Debug|Any CPU
		{97F25649-F79F-415B-99A4-F83F27D0EAF3}.Release|Any CPU.ActiveCfg = Release|Any CPU
		{97F25649-F79F-415B-99A4-F83F27D0EAF3}.Release|Any CPU.Build.0 = Release|Any CPU
		{379DE2A9-9234-41FB-83EB-BE033F5D4F48}.Debug|Any CPU.ActiveCfg = Debug|Any CPU
		{379DE2A9-9234-41FB-83EB-BE033F5D4F48}.Debug|Any CPU.Build.0 = Debug|Any CPU
		{379DE2A9-9234-41FB-83EB-BE033F5D4F48}.Release|Any CPU.ActiveCfg = Release|Any CPU
		{379DE2A9-9234-41FB-83EB-BE033F5D4F48}.Release|Any CPU.Build.0 = Release|Any CPU
	EndGlobalSection
EndGlobal
